// !$*UTF8*$!
{
	archiveVersion = 1;
	classes = {
	};
	objectVersion = 50;
	objects = {

/* Begin PBXBuildFile section */
		2B263D57214A75A8003D8B9D /* ActivityIndicator.swift in Sources */ = {isa = PBXBuildFile; fileRef = 2B263D56214A75A8003D8B9D /* ActivityIndicator.swift */; };
		2B28006021458916006F4AAA /* UIViewController.swift in Sources */ = {isa = PBXBuildFile; fileRef = 2B28005F21458916006F4AAA /* UIViewController.swift */; };
		2B28006221458C80006F4AAA /* CurrencyService.swift in Sources */ = {isa = PBXBuildFile; fileRef = 2B28006121458C80006F4AAA /* CurrencyService.swift */; };
		2B2BC46E2151218300DE3753 /* Currency.swift in Sources */ = {isa = PBXBuildFile; fileRef = 2B2BC46D2151218300DE3753 /* Currency.swift */; };
		2B54D71B215CEDE7008F9D9A /* WeatherServiceTest.swift in Sources */ = {isa = PBXBuildFile; fileRef = 2B54D71A215CEDE7008F9D9A /* WeatherServiceTest.swift */; };
		2B54D71D215CEDF8008F9D9A /* Weather.json in Resources */ = {isa = PBXBuildFile; fileRef = 2B54D71C215CEDF8008F9D9A /* Weather.json */; };
		2B54D71F215D31DD008F9D9A /* Constante.swift in Sources */ = {isa = PBXBuildFile; fileRef = 2B54D71E215D31DD008F9D9A /* Constante.swift */; };
		2B54D7222160F135008F9D9A /* TranslationService.swift in Sources */ = {isa = PBXBuildFile; fileRef = 2B54D7212160F135008F9D9A /* TranslationService.swift */; };
		2B54D7242160F14C008F9D9A /* Translation.swift in Sources */ = {isa = PBXBuildFile; fileRef = 2B54D7232160F14C008F9D9A /* Translation.swift */; };
		2B822AFA215AF88200781532 /* WeatherSetting.swift in Sources */ = {isa = PBXBuildFile; fileRef = 2B822AF9215AF88200781532 /* WeatherSetting.swift */; };
		2B847E452157C3EE004AF88F /* WeatherService.swift in Sources */ = {isa = PBXBuildFile; fileRef = 2B847E442157C3EE004AF88F /* WeatherService.swift */; };
		2B847E472157C560004AF88F /* Weather.swift in Sources */ = {isa = PBXBuildFile; fileRef = 2B847E462157C560004AF88F /* Weather.swift */; };
		2BD6D1F52140AE27004366D4 /* WeatherViewController.swift in Sources */ = {isa = PBXBuildFile; fileRef = 2BD6D1F42140AE27004366D4 /* WeatherViewController.swift */; };
		2BD6D1F72140AFB2004366D4 /* CurrencyViewController.swift in Sources */ = {isa = PBXBuildFile; fileRef = 2BD6D1F62140AFB2004366D4 /* CurrencyViewController.swift */; };
		2BD6D1F92140AFC0004366D4 /* TranslateViewController.swift in Sources */ = {isa = PBXBuildFile; fileRef = 2BD6D1F82140AFC0004366D4 /* TranslateViewController.swift */; };
		2BE9984C2140A5DC00B9180B /* AppDelegate.swift in Sources */ = {isa = PBXBuildFile; fileRef = 2BE9984B2140A5DC00B9180B /* AppDelegate.swift */; };
		2BE998512140A5DC00B9180B /* Main.storyboard in Resources */ = {isa = PBXBuildFile; fileRef = 2BE9984F2140A5DC00B9180B /* Main.storyboard */; };
		2BE998532140A5DD00B9180B /* Assets.xcassets in Resources */ = {isa = PBXBuildFile; fileRef = 2BE998522140A5DD00B9180B /* Assets.xcassets */; };
		2BE998562140A5DD00B9180B /* LaunchScreen.storyboard in Resources */ = {isa = PBXBuildFile; fileRef = 2BE998542140A5DD00B9180B /* LaunchScreen.storyboard */; };
		2BFC1EB521547480003B8760 /* FakeResponseData.swift in Sources */ = {isa = PBXBuildFile; fileRef = 2BFC1EB421547480003B8760 /* FakeResponseData.swift */; };
		2BFC1EB7215474AA003B8760 /* URLSessionFake.swift in Sources */ = {isa = PBXBuildFile; fileRef = 2BFC1EB6215474AA003B8760 /* URLSessionFake.swift */; };
		2BFC1EBA215474F5003B8760 /* Currency.json in Resources */ = {isa = PBXBuildFile; fileRef = 2BFC1EB9215474F5003B8760 /* Currency.json */; };
		2BFC1EBC21547551003B8760 /* CurrencyServiceTest.swift in Sources */ = {isa = PBXBuildFile; fileRef = 2BFC1EBB21547551003B8760 /* CurrencyServiceTest.swift */; };
/* End PBXBuildFile section */

/* Begin PBXContainerItemProxy section */
		2BFC1EAF21547445003B8760 /* PBXContainerItemProxy */ = {
			isa = PBXContainerItemProxy;
			containerPortal = 2BE998402140A5DC00B9180B /* Project object */;
			proxyType = 1;
			remoteGlobalIDString = 2BE998472140A5DC00B9180B;
			remoteInfo = "Le Baluchon";
		};
/* End PBXContainerItemProxy section */

/* Begin PBXFileReference section */
		2B263D56214A75A8003D8B9D /* ActivityIndicator.swift */ = {isa = PBXFileReference; lastKnownFileType = sourcecode.swift; path = ActivityIndicator.swift; sourceTree = "<group>"; };
		2B28005F21458916006F4AAA /* UIViewController.swift */ = {isa = PBXFileReference; lastKnownFileType = sourcecode.swift; path = UIViewController.swift; sourceTree = "<group>"; };
		2B28006121458C80006F4AAA /* CurrencyService.swift */ = {isa = PBXFileReference; lastKnownFileType = sourcecode.swift; path = CurrencyService.swift; sourceTree = "<group>"; };
		2B2BC46D2151218300DE3753 /* Currency.swift */ = {isa = PBXFileReference; lastKnownFileType = sourcecode.swift; path = Currency.swift; sourceTree = "<group>"; };
		2B54D71A215CEDE7008F9D9A /* WeatherServiceTest.swift */ = {isa = PBXFileReference; lastKnownFileType = sourcecode.swift; path = WeatherServiceTest.swift; sourceTree = "<group>"; };
		2B54D71C215CEDF8008F9D9A /* Weather.json */ = {isa = PBXFileReference; lastKnownFileType = text.json; path = Weather.json; sourceTree = "<group>"; };
		2B54D71E215D31DD008F9D9A /* Constante.swift */ = {isa = PBXFileReference; lastKnownFileType = sourcecode.swift; path = Constante.swift; sourceTree = "<group>"; };
		2B54D7212160F135008F9D9A /* TranslationService.swift */ = {isa = PBXFileReference; lastKnownFileType = sourcecode.swift; path = TranslationService.swift; sourceTree = "<group>"; };
		2B54D7232160F14C008F9D9A /* Translation.swift */ = {isa = PBXFileReference; lastKnownFileType = sourcecode.swift; path = Translation.swift; sourceTree = "<group>"; };
		2B822AF9215AF88200781532 /* WeatherSetting.swift */ = {isa = PBXFileReference; lastKnownFileType = sourcecode.swift; path = WeatherSetting.swift; sourceTree = "<group>"; };
		2B847E442157C3EE004AF88F /* WeatherService.swift */ = {isa = PBXFileReference; lastKnownFileType = sourcecode.swift; path = WeatherService.swift; sourceTree = "<group>"; };
		2B847E462157C560004AF88F /* Weather.swift */ = {isa = PBXFileReference; lastKnownFileType = sourcecode.swift; path = Weather.swift; sourceTree = "<group>"; };
		2BD6D1F42140AE27004366D4 /* WeatherViewController.swift */ = {isa = PBXFileReference; lastKnownFileType = sourcecode.swift; path = WeatherViewController.swift; sourceTree = "<group>"; };
		2BD6D1F62140AFB2004366D4 /* CurrencyViewController.swift */ = {isa = PBXFileReference; lastKnownFileType = sourcecode.swift; path = CurrencyViewController.swift; sourceTree = "<group>"; };
		2BD6D1F82140AFC0004366D4 /* TranslateViewController.swift */ = {isa = PBXFileReference; lastKnownFileType = sourcecode.swift; path = TranslateViewController.swift; sourceTree = "<group>"; };
		2BE998482140A5DC00B9180B /* Le Baluchon.app */ = {isa = PBXFileReference; explicitFileType = wrapper.application; includeInIndex = 0; path = "Le Baluchon.app"; sourceTree = BUILT_PRODUCTS_DIR; };
		2BE9984B2140A5DC00B9180B /* AppDelegate.swift */ = {isa = PBXFileReference; lastKnownFileType = sourcecode.swift; path = AppDelegate.swift; sourceTree = "<group>"; };
		2BE998502140A5DC00B9180B /* Base */ = {isa = PBXFileReference; lastKnownFileType = file.storyboard; name = Base; path = Base.lproj/Main.storyboard; sourceTree = "<group>"; };
		2BE998522140A5DD00B9180B /* Assets.xcassets */ = {isa = PBXFileReference; lastKnownFileType = folder.assetcatalog; path = Assets.xcassets; sourceTree = "<group>"; };
		2BE998552140A5DD00B9180B /* Base */ = {isa = PBXFileReference; lastKnownFileType = file.storyboard; name = Base; path = Base.lproj/LaunchScreen.storyboard; sourceTree = "<group>"; };
		2BE998572140A5DD00B9180B /* Info.plist */ = {isa = PBXFileReference; lastKnownFileType = text.plist.xml; path = Info.plist; sourceTree = "<group>"; };
		2BFC1EAA21547444003B8760 /* LeBaluchonTests.xctest */ = {isa = PBXFileReference; explicitFileType = wrapper.cfbundle; includeInIndex = 0; path = LeBaluchonTests.xctest; sourceTree = BUILT_PRODUCTS_DIR; };
		2BFC1EAE21547445003B8760 /* Info.plist */ = {isa = PBXFileReference; lastKnownFileType = text.plist.xml; path = Info.plist; sourceTree = "<group>"; };
		2BFC1EB421547480003B8760 /* FakeResponseData.swift */ = {isa = PBXFileReference; lastKnownFileType = sourcecode.swift; path = FakeResponseData.swift; sourceTree = "<group>"; };
		2BFC1EB6215474AA003B8760 /* URLSessionFake.swift */ = {isa = PBXFileReference; lastKnownFileType = sourcecode.swift; path = URLSessionFake.swift; sourceTree = "<group>"; };
		2BFC1EB9215474F5003B8760 /* Currency.json */ = {isa = PBXFileReference; lastKnownFileType = text.json; path = Currency.json; sourceTree = "<group>"; };
		2BFC1EBB21547551003B8760 /* CurrencyServiceTest.swift */ = {isa = PBXFileReference; lastKnownFileType = sourcecode.swift; path = CurrencyServiceTest.swift; sourceTree = "<group>"; };
/* End PBXFileReference section */

/* Begin PBXFrameworksBuildPhase section */
		2BE998452140A5DC00B9180B /* Frameworks */ = {
			isa = PBXFrameworksBuildPhase;
			buildActionMask = 2147483647;
			files = (
			);
			runOnlyForDeploymentPostprocessing = 0;
		};
		2BFC1EA721547444003B8760 /* Frameworks */ = {
			isa = PBXFrameworksBuildPhase;
			buildActionMask = 2147483647;
			files = (
			);
			runOnlyForDeploymentPostprocessing = 0;
		};
/* End PBXFrameworksBuildPhase section */

/* Begin PBXGroup section */
		2B28005E214588FD006F4AAA /* Extensions */ = {
			isa = PBXGroup;
			children = (
				2B28005F21458916006F4AAA /* UIViewController.swift */,
				2B263D56214A75A8003D8B9D /* ActivityIndicator.swift */,
				2B54D71E215D31DD008F9D9A /* Constante.swift */,
			);
			path = Extensions;
			sourceTree = "<group>";
		};
		2B54D719215CEDBF008F9D9A /* WeatherTests */ = {
			isa = PBXGroup;
			children = (
				2B54D71A215CEDE7008F9D9A /* WeatherServiceTest.swift */,
				2B54D71C215CEDF8008F9D9A /* Weather.json */,
			);
			path = WeatherTests;
			sourceTree = "<group>";
		};
		2B54D7202160F121008F9D9A /* Translation */ = {
			isa = PBXGroup;
			children = (
				2B54D7212160F135008F9D9A /* TranslationService.swift */,
				2B54D7232160F14C008F9D9A /* Translation.swift */,
			);
			path = Translation;
			sourceTree = "<group>";
		};
		2BE9983F2140A5DC00B9180B = {
			isa = PBXGroup;
			children = (
				2BE9984A2140A5DC00B9180B /* Le Baluchon */,
				2BFC1EAB21547444003B8760 /* LeBaluchonTests */,
				2BE998492140A5DC00B9180B /* Products */,
			);
			sourceTree = "<group>";
		};
		2BE998492140A5DC00B9180B /* Products */ = {
			isa = PBXGroup;
			children = (
				2BE998482140A5DC00B9180B /* Le Baluchon.app */,
				2BFC1EAA21547444003B8760 /* LeBaluchonTests.xctest */,
			);
			name = Products;
			sourceTree = "<group>";
		};
		2BE9984A2140A5DC00B9180B /* Le Baluchon */ = {
			isa = PBXGroup;
			children = (
				2B28005E214588FD006F4AAA /* Extensions */,
				2BE998792140A5F700B9180B /* Model */,
				2BE9987A2140A5FF00B9180B /* View */,
				2BE9987B2140A60E00B9180B /* Controller */,
				2BE9987C2140A63700B9180B /* Supporting files */,
			);
			path = "Le Baluchon";
			sourceTree = "<group>";
		};
		2BE998792140A5F700B9180B /* Model */ = {
			isa = PBXGroup;
			children = (
				2B54D7202160F121008F9D9A /* Translation */,
				2BFC1EBE215538AB003B8760 /* Weather */,
				2BFC1EBD21553899003B8760 /* Currency */,
			);
			path = Model;
			sourceTree = "<group>";
		};
		2BE9987A2140A5FF00B9180B /* View */ = {
			isa = PBXGroup;
			children = (
				2BE9984F2140A5DC00B9180B /* Main.storyboard */,
				2BE998542140A5DD00B9180B /* LaunchScreen.storyboard */,
			);
			path = View;
			sourceTree = "<group>";
		};
		2BE9987B2140A60E00B9180B /* Controller */ = {
			isa = PBXGroup;
			children = (
				2BD6D1F42140AE27004366D4 /* WeatherViewController.swift */,
				2BD6D1F62140AFB2004366D4 /* CurrencyViewController.swift */,
				2BD6D1F82140AFC0004366D4 /* TranslateViewController.swift */,
			);
			path = Controller;
			sourceTree = "<group>";
		};
		2BE9987C2140A63700B9180B /* Supporting files */ = {
			isa = PBXGroup;
			children = (
				2BE998522140A5DD00B9180B /* Assets.xcassets */,
				2BE998572140A5DD00B9180B /* Info.plist */,
				2BE9984B2140A5DC00B9180B /* AppDelegate.swift */,
			);
			path = "Supporting files";
			sourceTree = "<group>";
		};
		2BFC1EAB21547444003B8760 /* LeBaluchonTests */ = {
			isa = PBXGroup;
			children = (
				2BFC1EB421547480003B8760 /* FakeResponseData.swift */,
				2BFC1EB6215474AA003B8760 /* URLSessionFake.swift */,
				2B54D719215CEDBF008F9D9A /* WeatherTests */,
				2BFC1EB8215474DB003B8760 /* CurrencyTests */,
				2BFC1EAE21547445003B8760 /* Info.plist */,
			);
			path = LeBaluchonTests;
			sourceTree = "<group>";
		};
		2BFC1EB8215474DB003B8760 /* CurrencyTests */ = {
			isa = PBXGroup;
			children = (
				2BFC1EB9215474F5003B8760 /* Currency.json */,
				2BFC1EBB21547551003B8760 /* CurrencyServiceTest.swift */,
			);
			path = CurrencyTests;
			sourceTree = "<group>";
		};
		2BFC1EBD21553899003B8760 /* Currency */ = {
			isa = PBXGroup;
			children = (
				2B28006121458C80006F4AAA /* CurrencyService.swift */,
				2B2BC46D2151218300DE3753 /* Currency.swift */,
			);
			path = Currency;
			sourceTree = "<group>";
		};
		2BFC1EBE215538AB003B8760 /* Weather */ = {
			isa = PBXGroup;
			children = (
				2B847E442157C3EE004AF88F /* WeatherService.swift */,
				2B847E462157C560004AF88F /* Weather.swift */,
				2B822AF9215AF88200781532 /* WeatherSetting.swift */,
			);
			path = Weather;
			sourceTree = "<group>";
		};
/* End PBXGroup section */

/* Begin PBXNativeTarget section */
		2BE998472140A5DC00B9180B /* Le Baluchon */ = {
			isa = PBXNativeTarget;
			buildConfigurationList = 2BE998702140A5DD00B9180B /* Build configuration list for PBXNativeTarget "Le Baluchon" */;
			buildPhases = (
				2BE998442140A5DC00B9180B /* Sources */,
				2BE998452140A5DC00B9180B /* Frameworks */,
				2BE998462140A5DC00B9180B /* Resources */,
			);
			buildRules = (
			);
			dependencies = (
			);
			name = "Le Baluchon";
			productName = "Le Baluchon";
			productReference = 2BE998482140A5DC00B9180B /* Le Baluchon.app */;
			productType = "com.apple.product-type.application";
		};
		2BFC1EA921547444003B8760 /* LeBaluchonTests */ = {
			isa = PBXNativeTarget;
			buildConfigurationList = 2BFC1EB121547445003B8760 /* Build configuration list for PBXNativeTarget "LeBaluchonTests" */;
			buildPhases = (
				2BFC1EA621547444003B8760 /* Sources */,
				2BFC1EA721547444003B8760 /* Frameworks */,
				2BFC1EA821547444003B8760 /* Resources */,
			);
			buildRules = (
			);
			dependencies = (
				2BFC1EB021547445003B8760 /* PBXTargetDependency */,
			);
			name = LeBaluchonTests;
			productName = LeBaluchonTests;
			productReference = 2BFC1EAA21547444003B8760 /* LeBaluchonTests.xctest */;
			productType = "com.apple.product-type.bundle.unit-test";
		};
/* End PBXNativeTarget section */

/* Begin PBXProject section */
		2BE998402140A5DC00B9180B /* Project object */ = {
			isa = PBXProject;
			attributes = {
				LastSwiftUpdateCheck = 1000;
				LastUpgradeCheck = 0940;
				ORGANIZATIONNAME = "Levent Bostanci";
				TargetAttributes = {
					2BE998472140A5DC00B9180B = {
						CreatedOnToolsVersion = 9.4.1;
						LastSwiftMigration = 1000;
					};
					2BFC1EA921547444003B8760 = {
						CreatedOnToolsVersion = 10.0;
						LastSwiftMigration = 1000;
						TestTargetID = 2BE998472140A5DC00B9180B;
					};
				};
			};
			buildConfigurationList = 2BE998432140A5DC00B9180B /* Build configuration list for PBXProject "Le Baluchon" */;
			compatibilityVersion = "Xcode 9.3";
			developmentRegion = en;
			hasScannedForEncodings = 0;
			knownRegions = (
				en,
				Base,
			);
			mainGroup = 2BE9983F2140A5DC00B9180B;
			productRefGroup = 2BE998492140A5DC00B9180B /* Products */;
			projectDirPath = "";
			projectRoot = "";
			targets = (
				2BE998472140A5DC00B9180B /* Le Baluchon */,
				2BFC1EA921547444003B8760 /* LeBaluchonTests */,
			);
		};
/* End PBXProject section */

/* Begin PBXResourcesBuildPhase section */
		2BE998462140A5DC00B9180B /* Resources */ = {
			isa = PBXResourcesBuildPhase;
			buildActionMask = 2147483647;
			files = (
				2BE998562140A5DD00B9180B /* LaunchScreen.storyboard in Resources */,
				2BE998532140A5DD00B9180B /* Assets.xcassets in Resources */,
				2BE998512140A5DC00B9180B /* Main.storyboard in Resources */,
			);
			runOnlyForDeploymentPostprocessing = 0;
		};
		2BFC1EA821547444003B8760 /* Resources */ = {
			isa = PBXResourcesBuildPhase;
			buildActionMask = 2147483647;
			files = (
				2B54D71D215CEDF8008F9D9A /* Weather.json in Resources */,
				2BFC1EBA215474F5003B8760 /* Currency.json in Resources */,
			);
			runOnlyForDeploymentPostprocessing = 0;
		};
/* End PBXResourcesBuildPhase section */

/* Begin PBXSourcesBuildPhase section */
		2BE998442140A5DC00B9180B /* Sources */ = {
			isa = PBXSourcesBuildPhase;
			buildActionMask = 2147483647;
			files = (
				2B2BC46E2151218300DE3753 /* Currency.swift in Sources */,
				2B847E452157C3EE004AF88F /* WeatherService.swift in Sources */,
				2B28006221458C80006F4AAA /* CurrencyService.swift in Sources */,
				2BE9984C2140A5DC00B9180B /* AppDelegate.swift in Sources */,
				2B822AFA215AF88200781532 /* WeatherSetting.swift in Sources */,
				2B847E472157C560004AF88F /* Weather.swift in Sources */,
				2B263D57214A75A8003D8B9D /* ActivityIndicator.swift in Sources */,
				2B54D7222160F135008F9D9A /* TranslationService.swift in Sources */,
				2BD6D1F92140AFC0004366D4 /* TranslateViewController.swift in Sources */,
				2BD6D1F72140AFB2004366D4 /* CurrencyViewController.swift in Sources */,
				2B54D71F215D31DD008F9D9A /* Constante.swift in Sources */,
				2B54D7242160F14C008F9D9A /* Translation.swift in Sources */,
				2BD6D1F52140AE27004366D4 /* WeatherViewController.swift in Sources */,
				2B28006021458916006F4AAA /* UIViewController.swift in Sources */,
			);
			runOnlyForDeploymentPostprocessing = 0;
		};
		2BFC1EA621547444003B8760 /* Sources */ = {
			isa = PBXSourcesBuildPhase;
			buildActionMask = 2147483647;
			files = (
				2B54D71B215CEDE7008F9D9A /* WeatherServiceTest.swift in Sources */,
				2BFC1EB521547480003B8760 /* FakeResponseData.swift in Sources */,
				2BFC1EB7215474AA003B8760 /* URLSessionFake.swift in Sources */,
				2BFC1EBC21547551003B8760 /* CurrencyServiceTest.swift in Sources */,
			);
			runOnlyForDeploymentPostprocessing = 0;
		};
/* End PBXSourcesBuildPhase section */

/* Begin PBXTargetDependency section */
		2BFC1EB021547445003B8760 /* PBXTargetDependency */ = {
			isa = PBXTargetDependency;
			target = 2BE998472140A5DC00B9180B /* Le Baluchon */;
			targetProxy = 2BFC1EAF21547445003B8760 /* PBXContainerItemProxy */;
		};
/* End PBXTargetDependency section */

/* Begin PBXVariantGroup section */
		2BE9984F2140A5DC00B9180B /* Main.storyboard */ = {
			isa = PBXVariantGroup;
			children = (
				2BE998502140A5DC00B9180B /* Base */,
			);
			name = Main.storyboard;
			sourceTree = "<group>";
		};
		2BE998542140A5DD00B9180B /* LaunchScreen.storyboard */ = {
			isa = PBXVariantGroup;
			children = (
				2BE998552140A5DD00B9180B /* Base */,
			);
			name = LaunchScreen.storyboard;
			sourceTree = "<group>";
		};
/* End PBXVariantGroup section */

/* Begin XCBuildConfiguration section */
		2BE9986E2140A5DD00B9180B /* Debug */ = {
			isa = XCBuildConfiguration;
			buildSettings = {
				ALWAYS_SEARCH_USER_PATHS = NO;
				CLANG_ANALYZER_NONNULL = YES;
				CLANG_ANALYZER_NUMBER_OBJECT_CONVERSION = YES_AGGRESSIVE;
				CLANG_CXX_LANGUAGE_STANDARD = "gnu++14";
				CLANG_CXX_LIBRARY = "libc++";
				CLANG_ENABLE_MODULES = YES;
				CLANG_ENABLE_OBJC_ARC = YES;
				CLANG_ENABLE_OBJC_WEAK = YES;
				CLANG_WARN_BLOCK_CAPTURE_AUTORELEASING = YES;
				CLANG_WARN_BOOL_CONVERSION = YES;
				CLANG_WARN_COMMA = YES;
				CLANG_WARN_CONSTANT_CONVERSION = YES;
				CLANG_WARN_DEPRECATED_OBJC_IMPLEMENTATIONS = YES;
				CLANG_WARN_DIRECT_OBJC_ISA_USAGE = YES_ERROR;
				CLANG_WARN_DOCUMENTATION_COMMENTS = YES;
				CLANG_WARN_EMPTY_BODY = YES;
				CLANG_WARN_ENUM_CONVERSION = YES;
				CLANG_WARN_INFINITE_RECURSION = YES;
				CLANG_WARN_INT_CONVERSION = YES;
				CLANG_WARN_NON_LITERAL_NULL_CONVERSION = YES;
				CLANG_WARN_OBJC_IMPLICIT_RETAIN_SELF = YES;
				CLANG_WARN_OBJC_LITERAL_CONVERSION = YES;
				CLANG_WARN_OBJC_ROOT_CLASS = YES_ERROR;
				CLANG_WARN_RANGE_LOOP_ANALYSIS = YES;
				CLANG_WARN_STRICT_PROTOTYPES = YES;
				CLANG_WARN_SUSPICIOUS_MOVE = YES;
				CLANG_WARN_UNGUARDED_AVAILABILITY = YES_AGGRESSIVE;
				CLANG_WARN_UNREACHABLE_CODE = YES;
				CLANG_WARN__DUPLICATE_METHOD_MATCH = YES;
				CODE_SIGN_IDENTITY = "iPhone Developer";
				COPY_PHASE_STRIP = NO;
				DEBUG_INFORMATION_FORMAT = dwarf;
				ENABLE_STRICT_OBJC_MSGSEND = YES;
				ENABLE_TESTABILITY = YES;
				GCC_C_LANGUAGE_STANDARD = gnu11;
				GCC_DYNAMIC_NO_PIC = NO;
				GCC_NO_COMMON_BLOCKS = YES;
				GCC_OPTIMIZATION_LEVEL = 0;
				GCC_PREPROCESSOR_DEFINITIONS = (
					"DEBUG=1",
					"$(inherited)",
				);
				GCC_WARN_64_TO_32_BIT_CONVERSION = YES;
				GCC_WARN_ABOUT_RETURN_TYPE = YES_ERROR;
				GCC_WARN_UNDECLARED_SELECTOR = YES;
				GCC_WARN_UNINITIALIZED_AUTOS = YES_AGGRESSIVE;
				GCC_WARN_UNUSED_FUNCTION = YES;
				GCC_WARN_UNUSED_VARIABLE = YES;
				IPHONEOS_DEPLOYMENT_TARGET = 11.4;
				MTL_ENABLE_DEBUG_INFO = YES;
				ONLY_ACTIVE_ARCH = YES;
				SDKROOT = iphoneos;
				SWIFT_ACTIVE_COMPILATION_CONDITIONS = DEBUG;
				SWIFT_OPTIMIZATION_LEVEL = "-Onone";
			};
			name = Debug;
		};
		2BE9986F2140A5DD00B9180B /* Release */ = {
			isa = XCBuildConfiguration;
			buildSettings = {
				ALWAYS_SEARCH_USER_PATHS = NO;
				CLANG_ANALYZER_NONNULL = YES;
				CLANG_ANALYZER_NUMBER_OBJECT_CONVERSION = YES_AGGRESSIVE;
				CLANG_CXX_LANGUAGE_STANDARD = "gnu++14";
				CLANG_CXX_LIBRARY = "libc++";
				CLANG_ENABLE_MODULES = YES;
				CLANG_ENABLE_OBJC_ARC = YES;
				CLANG_ENABLE_OBJC_WEAK = YES;
				CLANG_WARN_BLOCK_CAPTURE_AUTORELEASING = YES;
				CLANG_WARN_BOOL_CONVERSION = YES;
				CLANG_WARN_COMMA = YES;
				CLANG_WARN_CONSTANT_CONVERSION = YES;
				CLANG_WARN_DEPRECATED_OBJC_IMPLEMENTATIONS = YES;
				CLANG_WARN_DIRECT_OBJC_ISA_USAGE = YES_ERROR;
				CLANG_WARN_DOCUMENTATION_COMMENTS = YES;
				CLANG_WARN_EMPTY_BODY = YES;
				CLANG_WARN_ENUM_CONVERSION = YES;
				CLANG_WARN_INFINITE_RECURSION = YES;
				CLANG_WARN_INT_CONVERSION = YES;
				CLANG_WARN_NON_LITERAL_NULL_CONVERSION = YES;
				CLANG_WARN_OBJC_IMPLICIT_RETAIN_SELF = YES;
				CLANG_WARN_OBJC_LITERAL_CONVERSION = YES;
				CLANG_WARN_OBJC_ROOT_CLASS = YES_ERROR;
				CLANG_WARN_RANGE_LOOP_ANALYSIS = YES;
				CLANG_WARN_STRICT_PROTOTYPES = YES;
				CLANG_WARN_SUSPICIOUS_MOVE = YES;
				CLANG_WARN_UNGUARDED_AVAILABILITY = YES_AGGRESSIVE;
				CLANG_WARN_UNREACHABLE_CODE = YES;
				CLANG_WARN__DUPLICATE_METHOD_MATCH = YES;
				CODE_SIGN_IDENTITY = "iPhone Developer";
				COPY_PHASE_STRIP = NO;
				DEBUG_INFORMATION_FORMAT = "dwarf-with-dsym";
				ENABLE_NS_ASSERTIONS = NO;
				ENABLE_STRICT_OBJC_MSGSEND = YES;
				GCC_C_LANGUAGE_STANDARD = gnu11;
				GCC_NO_COMMON_BLOCKS = YES;
				GCC_WARN_64_TO_32_BIT_CONVERSION = YES;
				GCC_WARN_ABOUT_RETURN_TYPE = YES_ERROR;
				GCC_WARN_UNDECLARED_SELECTOR = YES;
				GCC_WARN_UNINITIALIZED_AUTOS = YES_AGGRESSIVE;
				GCC_WARN_UNUSED_FUNCTION = YES;
				GCC_WARN_UNUSED_VARIABLE = YES;
				IPHONEOS_DEPLOYMENT_TARGET = 11.4;
				MTL_ENABLE_DEBUG_INFO = NO;
				SDKROOT = iphoneos;
				SWIFT_COMPILATION_MODE = wholemodule;
				SWIFT_OPTIMIZATION_LEVEL = "-O";
				VALIDATE_PRODUCT = YES;
			};
			name = Release;
		};
		2BE998712140A5DD00B9180B /* Debug */ = {
			isa = XCBuildConfiguration;
			buildSettings = {
				ASSETCATALOG_COMPILER_APPICON_NAME = AppIcon;
				CODE_SIGN_STYLE = Automatic;
				DEVELOPMENT_TEAM = "";
				INFOPLIST_FILE = "$(SRCROOT)/Le Baluchon/Supporting files/Info.plist";
				LD_RUNPATH_SEARCH_PATHS = (
					"$(inherited)",
					"@executable_path/Frameworks",
				);
				PRODUCT_BUNDLE_IDENTIFIER = "com.exemple.Le-Baluchon";
				PRODUCT_NAME = "$(TARGET_NAME)";
				SWIFT_VERSION = 4.2;
				TARGETED_DEVICE_FAMILY = "1,2";
			};
			name = Debug;
		};
		2BE998722140A5DD00B9180B /* Release */ = {
			isa = XCBuildConfiguration;
			buildSettings = {
				ASSETCATALOG_COMPILER_APPICON_NAME = AppIcon;
				CODE_SIGN_STYLE = Automatic;
				DEVELOPMENT_TEAM = "";
				INFOPLIST_FILE = "$(SRCROOT)/Le Baluchon/Supporting files/Info.plist";
				LD_RUNPATH_SEARCH_PATHS = (
					"$(inherited)",
					"@executable_path/Frameworks",
				);
				PRODUCT_BUNDLE_IDENTIFIER = "com.exemple.Le-Baluchon";
				PRODUCT_NAME = "$(TARGET_NAME)";
				SWIFT_VERSION = 4.2;
				TARGETED_DEVICE_FAMILY = "1,2";
			};
			name = Release;
		};
		2BFC1EB221547445003B8760 /* Debug */ = {
			isa = XCBuildConfiguration;
			buildSettings = {
				BUNDLE_LOADER = "$(TEST_HOST)";
				CLANG_ENABLE_MODULES = YES;
				CODE_SIGN_STYLE = Automatic;
				INFOPLIST_FILE = LeBaluchonTests/Info.plist;
				IPHONEOS_DEPLOYMENT_TARGET = 12.0;
				LD_RUNPATH_SEARCH_PATHS = (
					"$(inherited)",
					"@executable_path/Frameworks",
					"@loader_path/Frameworks",
				);
				MTL_ENABLE_DEBUG_INFO = INCLUDE_SOURCE;
				MTL_FAST_MATH = YES;
				PRODUCT_BUNDLE_IDENTIFIER = com.exemple.LeBaluchonTests;
				PRODUCT_NAME = "$(TARGET_NAME)";
				SWIFT_OPTIMIZATION_LEVEL = "-Onone";
				SWIFT_VERSION = 4.2;
				TARGETED_DEVICE_FAMILY = "1,2";
				TEST_HOST = "$(BUILT_PRODUCTS_DIR)/Le Baluchon.app/Le Baluchon";
			};
			name = Debug;
		};
		2BFC1EB321547445003B8760 /* Release */ = {
			isa = XCBuildConfiguration;
			buildSettings = {
				BUNDLE_LOADER = "$(TEST_HOST)";
				CLANG_ENABLE_MODULES = YES;
				CODE_SIGN_STYLE = Automatic;
				INFOPLIST_FILE = LeBaluchonTests/Info.plist;
				IPHONEOS_DEPLOYMENT_TARGET = 12.0;
				LD_RUNPATH_SEARCH_PATHS = (
					"$(inherited)",
					"@executable_path/Frameworks",
					"@loader_path/Frameworks",
				);
				MTL_FAST_MATH = YES;
				PRODUCT_BUNDLE_IDENTIFIER = com.exemple.LeBaluchonTests;
				PRODUCT_NAME = "$(TARGET_NAME)";
				SWIFT_VERSION = 4.2;
				TARGETED_DEVICE_FAMILY = "1,2";
				TEST_HOST = "$(BUILT_PRODUCTS_DIR)/Le Baluchon.app/Le Baluchon";
			};
			name = Release;
		};
/* End XCBuildConfiguration section */

/* Begin XCConfigurationList section */
		2BE998432140A5DC00B9180B /* Build configuration list for PBXProject "Le Baluchon" */ = {
			isa = XCConfigurationList;
			buildConfigurations = (
				2BE9986E2140A5DD00B9180B /* Debug */,
				2BE9986F2140A5DD00B9180B /* Release */,
			);
			defaultConfigurationIsVisible = 0;
			defaultConfigurationName = Release;
		};
		2BE998702140A5DD00B9180B /* Build configuration list for PBXNativeTarget "Le Baluchon" */ = {
			isa = XCConfigurationList;
			buildConfigurations = (
				2BE998712140A5DD00B9180B /* Debug */,
				2BE998722140A5DD00B9180B /* Release */,
			);
			defaultConfigurationIsVisible = 0;
			defaultConfigurationName = Release;
		};
		2BFC1EB121547445003B8760 /* Build configuration list for PBXNativeTarget "LeBaluchonTests" */ = {
			isa = XCConfigurationList;
			buildConfigurations = (
				2BFC1EB221547445003B8760 /* Debug */,
				2BFC1EB321547445003B8760 /* Release */,
			);
			defaultConfigurationIsVisible = 0;
			defaultConfigurationName = Release;
		};
/* End XCConfigurationList section */
	};
	rootObject = 2BE998402140A5DC00B9180B /* Project object */;
}
